// !$*UTF8*$!
{
	archiveVersion = 1;
	classes = {
	};
	objectVersion = 46;
	objects = {

/* Begin PBXBuildFile section */
		F88601E81CDB55930044AB21 /* FormScrollView.m in Sources */ = {isa = PBXBuildFile; fileRef = F88601E61CDB55930044AB21 /* FormScrollView.m */; };
		F888FC791CD9A5F500D1099E /* main.m in Sources */ = {isa = PBXBuildFile; fileRef = F888FC781CD9A5F500D1099E /* main.m */; };
		F888FC7C1CD9A5F500D1099E /* AppDelegate.m in Sources */ = {isa = PBXBuildFile; fileRef = F888FC7B1CD9A5F500D1099E /* AppDelegate.m */; };
		F888FC7F1CD9A5F500D1099E /* ViewController.m in Sources */ = {isa = PBXBuildFile; fileRef = F888FC7E1CD9A5F500D1099E /* ViewController.m */; };
		F888FC821CD9A5F500D1099E /* Main.storyboard in Resources */ = {isa = PBXBuildFile; fileRef = F888FC801CD9A5F500D1099E /* Main.storyboard */; };
		F888FC841CD9A5F500D1099E /* Assets.xcassets in Resources */ = {isa = PBXBuildFile; fileRef = F888FC831CD9A5F500D1099E /* Assets.xcassets */; };
		F888FC941CD9DA1B00D1099E /* datas.plist in Resources */ = {isa = PBXBuildFile; fileRef = F888FC931CD9DA1B00D1099E /* datas.plist */; };
/* End PBXBuildFile section */

/* Begin PBXFileReference section */
		F88601E51CDB55930044AB21 /* FormScrollView.h */ = {isa = PBXFileReference; fileEncoding = 4; lastKnownFileType = sourcecode.c.h; path = FormScrollView.h; sourceTree = "<group>"; };
		F88601E61CDB55930044AB21 /* FormScrollView.m */ = {isa = PBXFileReference; fileEncoding = 4; lastKnownFileType = sourcecode.c.objc; path = FormScrollView.m; sourceTree = "<group>"; };
		F888FC741CD9A5F500D1099E /* WhdeFormDemo.app */ = {isa = PBXFileReference; explicitFileType = wrapper.application; includeInIndex = 0; path = WhdeFormDemo.app; sourceTree = BUILT_PRODUCTS_DIR; };
		F888FC781CD9A5F500D1099E /* main.m */ = {isa = PBXFileReference; lastKnownFileType = sourcecode.c.objc; path = main.m; sourceTree = "<group>"; };
		F888FC7A1CD9A5F500D1099E /* AppDelegate.h */ = {isa = PBXFileReference; lastKnownFileType = sourcecode.c.h; path = AppDelegate.h; sourceTree = "<group>"; };
		F888FC7B1CD9A5F500D1099E /* AppDelegate.m */ = {isa = PBXFileReference; lastKnownFileType = sourcecode.c.objc; path = AppDelegate.m; sourceTree = "<group>"; };
		F888FC7D1CD9A5F500D1099E /* ViewController.h */ = {isa = PBXFileReference; lastKnownFileType = sourcecode.c.h; path = ViewController.h; sourceTree = "<group>"; };
		F888FC7E1CD9A5F500D1099E /* ViewController.m */ = {isa = PBXFileReference; lastKnownFileType = sourcecode.c.objc; path = ViewController.m; sourceTree = "<group>"; };
		F888FC811CD9A5F500D1099E /* Base */ = {isa = PBXFileReference; lastKnownFileType = file.storyboard; name = Base; path = Base.lproj/Main.storyboard; sourceTree = "<group>"; };
		F888FC831CD9A5F500D1099E /* Assets.xcassets */ = {isa = PBXFileReference; lastKnownFileType = folder.assetcatalog; path = Assets.xcassets; sourceTree = "<group>"; };
		F888FC881CD9A5F500D1099E /* Info.plist */ = {isa = PBXFileReference; lastKnownFileType = text.plist.xml; path = Info.plist; sourceTree = "<group>"; };
		F888FC931CD9DA1B00D1099E /* datas.plist */ = {isa = PBXFileReference; fileEncoding = 4; lastKnownFileType = text.plist.xml; path = datas.plist; sourceTree = "<group>"; };
/* End PBXFileReference section */

/* Begin PBXFrameworksBuildPhase section */
		F888FC711CD9A5F500D1099E /* Frameworks */ = {
			isa = PBXFrameworksBuildPhase;
			buildActionMask = 2147483647;
			files = (
			);
			runOnlyForDeploymentPostprocessing = 0;
		};
/* End PBXFrameworksBuildPhase section */

/* Begin PBXGroup section */
		F88601E41CDB55930044AB21 /* Class */ = {
			isa = PBXGroup;
			children = (
				F88601E51CDB55930044AB21 /* FormScrollView.h */,
				F88601E61CDB55930044AB21 /* FormScrollView.m */,
			);
			name = Class;
			path = ../../WhdeForm/WhdeForm/Class;
			sourceTree = "<group>";
		};
		F888FC6B1CD9A5F500D1099E = {
			isa = PBXGroup;
			children = (
				F888FC761CD9A5F500D1099E /* WhdeFormDemo */,
				F888FC751CD9A5F500D1099E /* Products */,
			);
			sourceTree = "<group>";
		};
		F888FC751CD9A5F500D1099E /* Products */ = {
			isa = PBXGroup;
			children = (
				F888FC741CD9A5F500D1099E /* WhdeFormDemo.app */,
			);
			name = Products;
			sourceTree = "<group>";
		};
		F888FC761CD9A5F500D1099E /* WhdeFormDemo */ = {
			isa = PBXGroup;
			children = (
				F88601E41CDB55930044AB21 /* Class */,
				F888FC7A1CD9A5F500D1099E /* AppDelegate.h */,
				F888FC7B1CD9A5F500D1099E /* AppDelegate.m */,
				F888FC931CD9DA1B00D1099E /* datas.plist */,
				F888FC7D1CD9A5F500D1099E /* ViewController.h */,
				F888FC7E1CD9A5F500D1099E /* ViewController.m */,
				F888FC801CD9A5F500D1099E /* Main.storyboard */,
				F888FC831CD9A5F500D1099E /* Assets.xcassets */,
				F888FC881CD9A5F500D1099E /* Info.plist */,
				F888FC771CD9A5F500D1099E /* Supporting Files */,
			);
			path = WhdeFormDemo;
			sourceTree = "<group>";
		};
		F888FC771CD9A5F500D1099E /* Supporting Files */ = {
			isa = PBXGroup;
			children = (
				F888FC781CD9A5F500D1099E /* main.m */,
			);
			name = "Supporting Files";
			sourceTree = "<group>";
		};
/* End PBXGroup section */

/* Begin PBXNativeTarget section */
		F888FC731CD9A5F500D1099E /* WhdeFormDemo */ = {
			isa = PBXNativeTarget;
			buildConfigurationList = F888FC8B1CD9A5F500D1099E /* Build configuration list for PBXNativeTarget "WhdeFormDemo" */;
			buildPhases = (
				F888FC701CD9A5F500D1099E /* Sources */,
				F888FC711CD9A5F500D1099E /* Frameworks */,
				F888FC721CD9A5F500D1099E /* Resources */,
			);
			buildRules = (
			);
			dependencies = (
			);
			name = WhdeFormDemo;
			productName = WhdeFormDemo;
			productReference = F888FC741CD9A5F500D1099E /* WhdeFormDemo.app */;
			productType = "com.apple.product-type.application";
		};
/* End PBXNativeTarget section */

/* Begin PBXProject section */
		F888FC6C1CD9A5F500D1099E /* Project object */ = {
			isa = PBXProject;
			attributes = {
				LastUpgradeCheck = 0730;
				ORGANIZATIONNAME = whde;
				TargetAttributes = {
					F888FC731CD9A5F500D1099E = {
						CreatedOnToolsVersion = 7.3;
					};
				};
			};
			buildConfigurationList = F888FC6F1CD9A5F500D1099E /* Build configuration list for PBXProject "WhdeFormDemo" */;
			compatibilityVersion = "Xcode 3.2";
			developmentRegion = English;
			hasScannedForEncodings = 0;
			knownRegions = (
				en,
				Base,
			);
			mainGroup = F888FC6B1CD9A5F500D1099E;
			productRefGroup = F888FC751CD9A5F500D1099E /* Products */;
			projectDirPath = "";
			projectRoot = "";
			targets = (
				F888FC731CD9A5F500D1099E /* WhdeFormDemo */,
			);
		};
/* End PBXProject section */

/* Begin PBXResourcesBuildPhase section */
		F888FC721CD9A5F500D1099E /* Resources */ = {
			isa = PBXResourcesBuildPhase;
			buildActionMask = 2147483647;
			files = (
				F888FC841CD9A5F500D1099E /* Assets.xcassets in Resources */,
				F888FC941CD9DA1B00D1099E /* datas.plist in Resources */,
				F888FC821CD9A5F500D1099E /* Main.storyboard in Resources */,
			);
			runOnlyForDeploymentPostprocessing = 0;
		};
/* End PBXResourcesBuildPhase section */

/* Begin PBXSourcesBuildPhase section */
		F888FC701CD9A5F500D1099E /* Sources */ = {
			isa = PBXSourcesBuildPhase;
			buildActionMask = 2147483647;
			files = (
				F888FC7F1CD9A5F500D1099E /* ViewController.m in Sources */,
				F88601E81CDB55930044AB21 /* FormScrollView.m in Sources */,
				F888FC7C1CD9A5F500D1099E /* AppDelegate.m in Sources */,
				F888FC791CD9A5F500D1099E /* main.m in Sources */,
			);
			runOnlyForDeploymentPostprocessing = 0;
		};
/* End PBXSourcesBuildPhase section */

/* Begin PBXVariantGroup section */
		F888FC801CD9A5F500D1099E /* Main.storyboard */ = {
			isa = PBXVariantGroup;
			children = (
				F888FC811CD9A5F500D1099E /* Base */,
			);
			name = Main.storyboard;
			sourceTree = "<group>";
		};
/* End PBXVariantGroup section */

/* Begin XCBuildConfiguration section */
		F888FC891CD9A5F500D1099E /* Debug */ = {
			isa = XCBuildConfiguration;
			buildSettings = {
				ALWAYS_SEARCH_USER_PATHS = NO;
				CLANG_ANALYZER_NONNULL = YES;
				CLANG_CXX_LANGUAGE_STANDARD = "gnu++0x";
				CLANG_CXX_LIBRARY = "libc++";
				CLANG_ENABLE_MODULES = YES;
				CLANG_ENABLE_OBJC_ARC = YES;
				CLANG_WARN_BOOL_CONVERSION = YES;
				CLANG_WARN_CONSTANT_CONVERSION = YES;
				CLANG_WARN_DIRECT_OBJC_ISA_USAGE = YES_ERROR;
				CLANG_WARN_EMPTY_BODY = YES;
				CLANG_WARN_ENUM_CONVERSION = YES;
				CLANG_WARN_INT_CONVERSION = YES;
				CLANG_WARN_OBJC_ROOT_CLASS = YES_ERROR;
				CLANG_WARN_UNREACHABLE_CODE = YES;
				CLANG_WARN__DUPLICATE_METHOD_MATCH = YES;
				"CODE_SIGN_IDENTITY[sdk=iphoneos*]" = "iPhone Developer";
				COPY_PHASE_STRIP = NO;
				DEBUG_INFORMATION_FORMAT = dwarf;
				ENABLE_STRICT_OBJC_MSGSEND = YES;
				ENABLE_TESTABILITY = YES;
				GCC_C_LANGUAGE_STANDARD = gnu99;
				GCC_DYNAMIC_NO_PIC = NO;
				GCC_NO_COMMON_BLOCKS = YES;
				GCC_OPTIMIZATION_LEVEL = 0;
				GCC_PREPROCESSOR_DEFINITIONS = (
					"DEBUG=1",
					"$(inherited)",
				);
				GCC_WARN_64_TO_32_BIT_CONVERSION = YES;
				GCC_WARN_ABOUT_RETURN_TYPE = YES_ERROR;
				GCC_WARN_UNDECLARED_SELECTOR = YES;
				GCC_WARN_UNINITIALIZED_AUTOS = YES_AGGRESSIVE;
				GCC_WARN_UNUSED_FUNCTION = YES;
				GCC_WARN_UNUSED_VARIABLE = YES;
				IPHONEOS_DEPLOYMENT_TARGET = 9.3;
				MTL_ENABLE_DEBUG_INFO = YES;
				ONLY_ACTIVE_ARCH = YES;
				SDKROOT = iphoneos;
			};
			name = Debug;
		};
		F888FC8A1CD9A5F500D1099E /* Release */ = {
			isa = XCBuildConfiguration;
			buildSettings = {
				ALWAYS_SEARCH_USER_PATHS = NO;
				CLANG_ANALYZER_NONNULL = YES;
				CLANG_CXX_LANGUAGE_STANDARD = "gnu++0x";
				CLANG_CXX_LIBRARY = "libc++";
				CLANG_ENABLE_MODULES = YES;
				CLANG_ENABLE_OBJC_ARC = YES;
				CLANG_WARN_BOOL_CONVERSION = YES;
				CLANG_WARN_CONSTANT_CONVERSION = YES;
				CLANG_WARN_DIRECT_OBJC_ISA_USAGE = YES_ERROR;
				CLANG_WARN_EMPTY_BODY = YES;
				CLANG_WARN_ENUM_CONVERSION = YES;
				CLANG_WARN_INT_CONVERSION = YES;
				CLANG_WARN_OBJC_ROOT_CLASS = YES_ERROR;
				CLANG_WARN_UNREACHABLE_CODE = YES;
				CLANG_WARN__DUPLICATE_METHOD_MATCH = YES;
				"CODE_SIGN_IDENTITY[sdk=iphoneos*]" = "iPhone Developer";
				COPY_PHASE_STRIP = NO;
				DEBUG_INFORMATION_FORMAT = "dwarf-with-dsym";
				ENABLE_NS_ASSERTIONS = NO;
				ENABLE_STRICT_OBJC_MSGSEND = YES;
				GCC_C_LANGUAGE_STANDARD = gnu99;
				GCC_NO_COMMON_BLOCKS = YES;
				GCC_WARN_64_TO_32_BIT_CONVERSION = YES;
				GCC_WARN_ABOUT_RETURN_TYPE = YES_ERROR;
				GCC_WARN_UNDECLARED_SELECTOR = YES;
				GCC_WARN_UNINITIALIZED_AUTOS = YES_AGGRESSIVE;
				GCC_WARN_UNUSED_FUNCTION = YES;
				GCC_WARN_UNUSED_VARIABLE = YES;
				IPHONEOS_DEPLOYMENT_TARGET = 9.3;
				MTL_ENABLE_DEBUG_INFO = NO;
				SDKROOT = iphoneos;
				VALIDATE_PRODUCT = YES;
			};
			name = Release;
		};
		F888FC8C1CD9A5F500D1099E /* Debug */ = {
			isa = XCBuildConfiguration;
			buildSettings = {
				ASSETCATALOG_COMPILER_APPICON_NAME = AppIcon;
				ASSETCATALOG_COMPILER_LAUNCHIMAGE_NAME = LaunchImage;
				INFOPLIST_FILE = WhdeFormDemo/Info.plist;
				IPHONEOS_DEPLOYMENT_TARGET = 8.0;
				LD_RUNPATH_SEARCH_PATHS = "$(inherited) @executable_path/Frameworks";
				PRODUCT_BUNDLE_IDENTIFIER = com.ziyoubang.WhdeFormDemo;
				PRODUCT_NAME = "$(TARGET_NAME)";
				TARGETED_DEVICE_FAMILY = "1,2";
			};
			name = Debug;
		};
		F888FC8D1CD9A5F500D1099E /* Release */ = {
			isa = XCBuildConfiguration;
			buildSettings = {
				ASSETCATALOG_COMPILER_APPICON_NAME = AppIcon;
				ASSETCATALOG_COMPILER_LAUNCHIMAGE_NAME = LaunchImage;
				INFOPLIST_FILE = WhdeFormDemo/Info.plist;
				IPHONEOS_DEPLOYMENT_TARGET = 8.0;
				LD_RUNPATH_SEARCH_PATHS = "$(inherited) @executable_path/Frameworks";
				PRODUCT_BUNDLE_IDENTIFIER = com.ziyoubang.WhdeFormDemo;
				PRODUCT_NAME = "$(TARGET_NAME)";
				TARGETED_DEVICE_FAMILY = "1,2";
			};
			name = Release;
		};
/* End XCBuildConfiguration section */

/* Begin XCConfigurationList section */
		F888FC6F1CD9A5F500D1099E /* Build configuration list for PBXProject "WhdeFormDemo" */ = {
			isa = XCConfigurationList;
			buildConfigurations = (
				F888FC891CD9A5F500D1099E /* Debug */,
				F888FC8A1CD9A5F500D1099E /* Release */,
			);
			defaultConfigurationIsVisible = 0;
			defaultConfigurationName = Release;
		};
		F888FC8B1CD9A5F500D1099E /* Build configuration list for PBXNativeTarget "WhdeFormDemo" */ = {
			isa = XCConfigurationList;
			buildConfigurations = (
				F888FC8C1CD9A5F500D1099E /* Debug */,
				F888FC8D1CD9A5F500D1099E /* Release */,
			);
			defaultConfigurationIsVisible = 0;
			defaultConfigurationName = Release;
		};
/* End XCConfigurationList section */
	};
	rootObject = F888FC6C1CD9A5F500D1099E /* Project object */;
}
