// !$*UTF8*$!
{
	archiveVersion = 1;
	classes = {
	};
	objectVersion = 46;
	objects = {

/* Begin PBXAggregateTarget section */
		F88601F01CDB55C10044AB21 /* WhdeFormTaget */ = {
			isa = PBXAggregateTarget;
			buildConfigurationList = F88601F11CDB55C10044AB21 /* Build configuration list for PBXAggregateTarget "WhdeFormTaget" */;
			buildPhases = (
				F88601F41CDB55C70044AB21 /* ShellScript */,
			);
			dependencies = (
			);
			name = WhdeFormTaget;
			productName = WhdeFormTaget;
		};
/* End PBXAggregateTarget section */

/* Begin PBXBuildFile section */
		F84BB2BD1CDC4C6900EB7E30 /* WhdeForm.h in Headers */ = {isa = PBXBuildFile; fileRef = F84BB2BC1CDC4C6900EB7E30 /* WhdeForm.h */; };
		F88601ED1CDB55A80044AB21 /* FormScrollView.h in Headers */ = {isa = PBXBuildFile; fileRef = F88601EA1CDB55A80044AB21 /* FormScrollView.h */; settings = {ATTRIBUTES = (Public, ); }; };
		F88601EE1CDB55A80044AB21 /* FormScrollView.m in Sources */ = {isa = PBXBuildFile; fileRef = F88601EB1CDB55A80044AB21 /* FormScrollView.m */; };
/* End PBXBuildFile section */

/* Begin PBXFileReference section */
		F84BB2BC1CDC4C6900EB7E30 /* WhdeForm.h */ = {isa = PBXFileReference; fileEncoding = 4; lastKnownFileType = sourcecode.c.h; path = WhdeForm.h; sourceTree = "<group>"; };
		F88601D01CDB54B50044AB21 /* WhdeForm.framework */ = {isa = PBXFileReference; explicitFileType = wrapper.framework; includeInIndex = 0; path = WhdeForm.framework; sourceTree = BUILT_PRODUCTS_DIR; };
		F88601D51CDB54B50044AB21 /* Info.plist */ = {isa = PBXFileReference; lastKnownFileType = text.plist.xml; path = Info.plist; sourceTree = "<group>"; };
		F88601EA1CDB55A80044AB21 /* FormScrollView.h */ = {isa = PBXFileReference; fileEncoding = 4; lastKnownFileType = sourcecode.c.h; path = FormScrollView.h; sourceTree = "<group>"; };
		F88601EB1CDB55A80044AB21 /* FormScrollView.m */ = {isa = PBXFileReference; fileEncoding = 4; lastKnownFileType = sourcecode.c.objc; path = FormScrollView.m; sourceTree = "<group>"; };
/* End PBXFileReference section */

/* Begin PBXFrameworksBuildPhase section */
		F88601CC1CDB54B50044AB21 /* Frameworks */ = {
			isa = PBXFrameworksBuildPhase;
			buildActionMask = 2147483647;
			files = (
			);
			runOnlyForDeploymentPostprocessing = 0;
		};
/* End PBXFrameworksBuildPhase section */

/* Begin PBXGroup section */
		F88601C61CDB54B50044AB21 = {
			isa = PBXGroup;
			children = (
				F88601D21CDB54B50044AB21 /* WhdeForm */,
				F88601D11CDB54B50044AB21 /* Products */,
			);
			sourceTree = "<group>";
		};
		F88601D11CDB54B50044AB21 /* Products */ = {
			isa = PBXGroup;
			children = (
				F88601D01CDB54B50044AB21 /* WhdeForm.framework */,
			);
			name = Products;
			sourceTree = "<group>";
		};
		F88601D21CDB54B50044AB21 /* WhdeForm */ = {
			isa = PBXGroup;
			children = (
				F84BB2BC1CDC4C6900EB7E30 /* WhdeForm.h */,
				F88601E91CDB55A80044AB21 /* Class */,
				F88601D51CDB54B50044AB21 /* Info.plist */,
			);
			path = WhdeForm;
			sourceTree = "<group>";
		};
		F88601E91CDB55A80044AB21 /* Class */ = {
			isa = PBXGroup;
			children = (
				F88601EA1CDB55A80044AB21 /* FormScrollView.h */,
				F88601EB1CDB55A80044AB21 /* FormScrollView.m */,
			);
			path = Class;
			sourceTree = "<group>";
		};
/* End PBXGroup section */

/* Begin PBXHeadersBuildPhase section */
		F88601CD1CDB54B50044AB21 /* Headers */ = {
			isa = PBXHeadersBuildPhase;
			buildActionMask = 2147483647;
			files = (
				F84BB2BD1CDC4C6900EB7E30 /* WhdeForm.h in Headers */,
				F88601ED1CDB55A80044AB21 /* FormScrollView.h in Headers */,
			);
			runOnlyForDeploymentPostprocessing = 0;
		};
/* End PBXHeadersBuildPhase section */

/* Begin PBXNativeTarget section */
		F88601CF1CDB54B50044AB21 /* WhdeForm */ = {
			isa = PBXNativeTarget;
			buildConfigurationList = F88601D81CDB54B50044AB21 /* Build configuration list for PBXNativeTarget "WhdeForm" */;
			buildPhases = (
				F88601CB1CDB54B50044AB21 /* Sources */,
				F88601CC1CDB54B50044AB21 /* Frameworks */,
				F88601CD1CDB54B50044AB21 /* Headers */,
				F88601CE1CDB54B50044AB21 /* Resources */,
			);
			buildRules = (
			);
			dependencies = (
			);
			name = WhdeForm;
			productName = WhdeForm;
			productReference = F88601D01CDB54B50044AB21 /* WhdeForm.framework */;
			productType = "com.apple.product-type.framework";
		};
/* End PBXNativeTarget section */

/* Begin PBXProject section */
		F88601C71CDB54B50044AB21 /* Project object */ = {
			isa = PBXProject;
			attributes = {
				LastUpgradeCheck = 0730;
				ORGANIZATIONNAME = whde;
				TargetAttributes = {
					F88601CF1CDB54B50044AB21 = {
						CreatedOnToolsVersion = 7.3;
					};
					F88601F01CDB55C10044AB21 = {
						CreatedOnToolsVersion = 7.3;
					};
				};
			};
			buildConfigurationList = F88601CA1CDB54B50044AB21 /* Build configuration list for PBXProject "WhdeForm" */;
			compatibilityVersion = "Xcode 3.2";
			developmentRegion = English;
			hasScannedForEncodings = 0;
			knownRegions = (
				en,
			);
			mainGroup = F88601C61CDB54B50044AB21;
			productRefGroup = F88601D11CDB54B50044AB21 /* Products */;
			projectDirPath = "";
			projectRoot = "";
			targets = (
				F88601CF1CDB54B50044AB21 /* WhdeForm */,
				F88601F01CDB55C10044AB21 /* WhdeFormTaget */,
			);
		};
/* End PBXProject section */

/* Begin PBXResourcesBuildPhase section */
		F88601CE1CDB54B50044AB21 /* Resources */ = {
			isa = PBXResourcesBuildPhase;
			buildActionMask = 2147483647;
			files = (
			);
			runOnlyForDeploymentPostprocessing = 0;
		};
/* End PBXResourcesBuildPhase section */

/* Begin PBXShellScriptBuildPhase section */
		F88601F41CDB55C70044AB21 /* ShellScript */ = {
			isa = PBXShellScriptBuildPhase;
			buildActionMask = 2147483647;
			files = (
			);
			inputPaths = (
			);
			outputPaths = (
			);
			runOnlyForDeploymentPostprocessing = 0;
			shellPath = /bin/sh;
			shellScript = "# Sets the target folders and the final framework product.\n# 如果工程名称和Framework的Target名称不一样的话，要自定义FMKNAME\n# 例如: FMK_NAME = \"MyFramework\"\nFMK_NAME=${PROJECT_NAME}\n# Install dir will be the final output to the framework.\n# The following line create it in the root folder of the current project.\nINSTALL_DIR=${SRCROOT}/Products/${FMK_NAME}.framework\n# Working dir will be deleted after the framework creation.\nWRK_DIR=build\nDEVICE_DIR=${WRK_DIR}/Release-iphoneos/${FMK_NAME}.framework\nSIMULATOR_DIR=${WRK_DIR}/Release-iphonesimulator/${FMK_NAME}.framework\n# -configuration ${CONFIGURATION}\n# Clean and Building both architectures.\nxcodebuild -configuration \"Release\" -target \"${FMK_NAME}\" -sdk iphoneos clean build\nxcodebuild -configuration \"Release\" -target \"${FMK_NAME}\" -sdk iphonesimulator clean build\n# Cleaning the oldest.\nif [ -d \"${INSTALL_DIR}\" ]\nthen\nrm -rf \"${INSTALL_DIR}\"\nfi\nmkdir -p \"${INSTALL_DIR}\"\ncp -R \"${DEVICE_DIR}/\" \"${INSTALL_DIR}/\"\n# Uses the Lipo Tool to merge both binary files (i386 + armv6/armv7) into one Universal final product.\nlipo -create \"${DEVICE_DIR}/${FMK_NAME}\" \"${SIMULATOR_DIR}/${FMK_NAME}\" -output \"${INSTALL_DIR}/${FMK_NAME}\"\nrm -r \"${WRK_DIR}\"\nopen \"${INSTALL_DIR}\"";
		};
/* End PBXShellScriptBuildPhase section */

/* Begin PBXSourcesBuildPhase section */
		F88601CB1CDB54B50044AB21 /* Sources */ = {
			isa = PBXSourcesBuildPhase;
			buildActionMask = 2147483647;
			files = (
				F88601EE1CDB55A80044AB21 /* FormScrollView.m in Sources */,
			);
			runOnlyForDeploymentPostprocessing = 0;
		};
/* End PBXSourcesBuildPhase section */

/* Begin XCBuildConfiguration section */
		F88601D61CDB54B50044AB21 /* Debug */ = {
			isa = XCBuildConfiguration;
			buildSettings = {
				ALWAYS_SEARCH_USER_PATHS = NO;
				CLANG_ANALYZER_NONNULL = YES;
				CLANG_CXX_LANGUAGE_STANDARD = "gnu++0x";
				CLANG_CXX_LIBRARY = "libc++";
				CLANG_ENABLE_MODULES = YES;
				CLANG_ENABLE_OBJC_ARC = YES;
				CLANG_WARN_BOOL_CONVERSION = YES;
				CLANG_WARN_CONSTANT_CONVERSION = YES;
				CLANG_WARN_DIRECT_OBJC_ISA_USAGE = YES_ERROR;
				CLANG_WARN_EMPTY_BODY = YES;
				CLANG_WARN_ENUM_CONVERSION = YES;
				CLANG_WARN_INT_CONVERSION = YES;
				CLANG_WARN_OBJC_ROOT_CLASS = YES_ERROR;
				CLANG_WARN_UNREACHABLE_CODE = YES;
				CLANG_WARN__DUPLICATE_METHOD_MATCH = YES;
				"CODE_SIGN_IDENTITY[sdk=iphoneos*]" = "iPhone Developer";
				COPY_PHASE_STRIP = NO;
				CURRENT_PROJECT_VERSION = 1;
				DEBUG_INFORMATION_FORMAT = dwarf;
				ENABLE_STRICT_OBJC_MSGSEND = YES;
				ENABLE_TESTABILITY = YES;
				GCC_C_LANGUAGE_STANDARD = gnu99;
				GCC_DYNAMIC_NO_PIC = NO;
				GCC_NO_COMMON_BLOCKS = YES;
				GCC_OPTIMIZATION_LEVEL = 0;
				GCC_PREPROCESSOR_DEFINITIONS = (
					"DEBUG=1",
					"$(inherited)",
				);
				GCC_WARN_64_TO_32_BIT_CONVERSION = YES;
				GCC_WARN_ABOUT_RETURN_TYPE = YES_ERROR;
				GCC_WARN_UNDECLARED_SELECTOR = YES;
				GCC_WARN_UNINITIALIZED_AUTOS = YES_AGGRESSIVE;
				GCC_WARN_UNUSED_FUNCTION = YES;
				GCC_WARN_UNUSED_VARIABLE = YES;
				IPHONEOS_DEPLOYMENT_TARGET = 9.3;
				MTL_ENABLE_DEBUG_INFO = YES;
				ONLY_ACTIVE_ARCH = YES;
				SDKROOT = iphoneos;
				TARGETED_DEVICE_FAMILY = "1,2";
				VERSIONING_SYSTEM = "apple-generic";
				VERSION_INFO_PREFIX = "";
			};
			name = Debug;
		};
		F88601D71CDB54B50044AB21 /* Release */ = {
			isa = XCBuildConfiguration;
			buildSettings = {
				ALWAYS_SEARCH_USER_PATHS = NO;
				CLANG_ANALYZER_NONNULL = YES;
				CLANG_CXX_LANGUAGE_STANDARD = "gnu++0x";
				CLANG_CXX_LIBRARY = "libc++";
				CLANG_ENABLE_MODULES = YES;
				CLANG_ENABLE_OBJC_ARC = YES;
				CLANG_WARN_BOOL_CONVERSION = YES;
				CLANG_WARN_CONSTANT_CONVERSION = YES;
				CLANG_WARN_DIRECT_OBJC_ISA_USAGE = YES_ERROR;
				CLANG_WARN_EMPTY_BODY = YES;
				CLANG_WARN_ENUM_CONVERSION = YES;
				CLANG_WARN_INT_CONVERSION = YES;
				CLANG_WARN_OBJC_ROOT_CLASS = YES_ERROR;
				CLANG_WARN_UNREACHABLE_CODE = YES;
				CLANG_WARN__DUPLICATE_METHOD_MATCH = YES;
				"CODE_SIGN_IDENTITY[sdk=iphoneos*]" = "iPhone Developer";
				COPY_PHASE_STRIP = NO;
				CURRENT_PROJECT_VERSION = 1;
				DEBUG_INFORMATION_FORMAT = "dwarf-with-dsym";
				ENABLE_NS_ASSERTIONS = NO;
				ENABLE_STRICT_OBJC_MSGSEND = YES;
				GCC_C_LANGUAGE_STANDARD = gnu99;
				GCC_NO_COMMON_BLOCKS = YES;
				GCC_WARN_64_TO_32_BIT_CONVERSION = YES;
				GCC_WARN_ABOUT_RETURN_TYPE = YES_ERROR;
				GCC_WARN_UNDECLARED_SELECTOR = YES;
				GCC_WARN_UNINITIALIZED_AUTOS = YES_AGGRESSIVE;
				GCC_WARN_UNUSED_FUNCTION = YES;
				GCC_WARN_UNUSED_VARIABLE = YES;
				IPHONEOS_DEPLOYMENT_TARGET = 9.3;
				MTL_ENABLE_DEBUG_INFO = NO;
				SDKROOT = iphoneos;
				TARGETED_DEVICE_FAMILY = "1,2";
				VALIDATE_PRODUCT = YES;
				VERSIONING_SYSTEM = "apple-generic";
				VERSION_INFO_PREFIX = "";
			};
			name = Release;
		};
		F88601D91CDB54B50044AB21 /* Debug */ = {
			isa = XCBuildConfiguration;
			buildSettings = {
				DEFINES_MODULE = YES;
				DYLIB_COMPATIBILITY_VERSION = 1;
				DYLIB_CURRENT_VERSION = 1;
				DYLIB_INSTALL_NAME_BASE = "@rpath";
				INFOPLIST_FILE = WhdeForm/Info.plist;
				INSTALL_PATH = "$(LOCAL_LIBRARY_DIR)/Frameworks";
				LD_RUNPATH_SEARCH_PATHS = "$(inherited) @executable_path/Frameworks @loader_path/Frameworks";
				PRODUCT_BUNDLE_IDENTIFIER = com.ziyoubang.WhdeForm;
				PRODUCT_NAME = "$(TARGET_NAME)";
				SKIP_INSTALL = YES;
			};
			name = Debug;
		};
		F88601DA1CDB54B50044AB21 /* Release */ = {
			isa = XCBuildConfiguration;
			buildSettings = {
				DEFINES_MODULE = YES;
				DYLIB_COMPATIBILITY_VERSION = 1;
				DYLIB_CURRENT_VERSION = 1;
				DYLIB_INSTALL_NAME_BASE = "@rpath";
				INFOPLIST_FILE = WhdeForm/Info.plist;
				INSTALL_PATH = "$(LOCAL_LIBRARY_DIR)/Frameworks";
				LD_RUNPATH_SEARCH_PATHS = "$(inherited) @executable_path/Frameworks @loader_path/Frameworks";
				PRODUCT_BUNDLE_IDENTIFIER = com.ziyoubang.WhdeForm;
				PRODUCT_NAME = "$(TARGET_NAME)";
				SKIP_INSTALL = YES;
			};
			name = Release;
		};
		F88601F21CDB55C10044AB21 /* Debug */ = {
			isa = XCBuildConfiguration;
			buildSettings = {
				MACH_O_TYPE = staticlib;
				PRODUCT_NAME = "$(TARGET_NAME)";
			};
			name = Debug;
		};
		F88601F31CDB55C10044AB21 /* Release */ = {
			isa = XCBuildConfiguration;
			buildSettings = {
				MACH_O_TYPE = staticlib;
				PRODUCT_NAME = "$(TARGET_NAME)";
			};
			name = Release;
		};
/* End XCBuildConfiguration section */

/* Begin XCConfigurationList section */
		F88601CA1CDB54B50044AB21 /* Build configuration list for PBXProject "WhdeForm" */ = {
			isa = XCConfigurationList;
			buildConfigurations = (
				F88601D61CDB54B50044AB21 /* Debug */,
				F88601D71CDB54B50044AB21 /* Release */,
			);
			defaultConfigurationIsVisible = 0;
			defaultConfigurationName = Release;
		};
		F88601D81CDB54B50044AB21 /* Build configuration list for PBXNativeTarget "WhdeForm" */ = {
			isa = XCConfigurationList;
			buildConfigurations = (
				F88601D91CDB54B50044AB21 /* Debug */,
				F88601DA1CDB54B50044AB21 /* Release */,
			);
			defaultConfigurationIsVisible = 0;
			defaultConfigurationName = Release;
		};
		F88601F11CDB55C10044AB21 /* Build configuration list for PBXAggregateTarget "WhdeFormTaget" */ = {
			isa = XCConfigurationList;
			buildConfigurations = (
				F88601F21CDB55C10044AB21 /* Debug */,
				F88601F31CDB55C10044AB21 /* Release */,
			);
			defaultConfigurationIsVisible = 0;
			defaultConfigurationName = Release;
		};
/* End XCConfigurationList section */
	};
	rootObject = F88601C71CDB54B50044AB21 /* Project object */;
}
